
Microsoft Visual Studio Solution File, Format Version 12.00
# Visual Studio 15
Project("{FAE04EC0-301F-11D3-BF4B-00C04F79EFBC}") = "BumpyBoi", "BumpyBoi.csproj", "{3A05E9B7-7532-6267-9D20-89B6F7562601}"
EndProject
Global
	GlobalSection(SolutionConfigurationPlatforms) = preSolution
		Debug|Any CPU = Debug|Any CPU
		Release|Any CPU = Release|Any CPU
	EndGlobalSection
	GlobalSection(ProjectConfigurationPlatforms) = postSolution
		{3A05E9B7-7532-6267-9D20-89B6F7562601}.Debug|Any CPU.ActiveCfg = Debug|Any CPU
		{3A05E9B7-7532-6267-9D20-89B6F7562601}.Debug|Any CPU.Build.0 = Debug|Any CPU
		{3A05E9B7-7532-6267-9D20-89B6F7562601}.Release|Any CPU.ActiveCfg = Release|Any CPU
		{3A05E9B7-7532-6267-9D20-89B6F7562601}.Release|Any CPU.Build.0 = Release|Any CPU
	EndGlobalSection
	GlobalSection(SolutionProperties) = preSolution
		HideSolutionNode = FALSE
	EndGlobalSection
EndGlobal
